
Microsoft Visual Studio Solution File, Format Version 12.00
# Visual Studio Version 17
VisualStudioVersion = 17.3.32929.385
MinimumVisualStudioVersion = 10.0.40219.1
Project("{FAE04EC0-301F-11D3-BF4B-00C04F79EFBC}") = "Function", "Function.csproj", "{8685B04D-C932-4828-8FBE-5905B900C927}"
EndProject
Global
	GlobalSection(SolutionConfigurationPlatforms) = preSolution
		Debug|Any CPU = Debug|Any CPU
		Release|Any CPU = Release|Any CPU
	EndGlobalSection
	GlobalSection(ProjectConfigurationPlatforms) = postSolution
		{8685B04D-C932-4828-8FBE-5905B900C927}.Debug|Any CPU.ActiveCfg = Debug|Any CPU
		{8685B04D-C932-4828-8FBE-5905B900C927}.Debug|Any CPU.Build.0 = Debug|Any CPU
		{8685B04D-C932-4828-8FBE-5905B900C927}.Release|Any CPU.ActiveCfg = Release|Any CPU
		{8685B04D-C932-4828-8FBE-5905B900C927}.Release|Any CPU.Build.0 = Release|Any CPU
	EndGlobalSection
	GlobalSection(SolutionProperties) = preSolution
		HideSolutionNode = FALSE
	EndGlobalSection
	GlobalSection(ExtensibilityGlobals) = postSolution
		SolutionGuid = {56A83963-811C-4AFF-AA7F-2785686CD35A}
	EndGlobalSection
EndGlobal
